
Microsoft Visual Studio Solution File, Format Version 12.00
# Visual Studio Version 17
VisualStudioVersion = 17.10.35122.118
MinimumVisualStudioVersion = 10.0.40219.1
Project("{9A19103F-16F7-4668-BE54-9A1E7A4F7556}") = "SingletonDesignPatternSample", "SingletonDesignPatternSample\SingletonDesignPatternSample.csproj", "{6D8646C4-3AC6-42B1-9BC0-2CE804303B25}"
EndProject
Project("{2150E333-8FDC-42A3-9474-1A3956D46DE8}") = "Creational", "Creational", "{64529585-2320-4995-AA6C-B0F59D2FE2C2}"
EndProject
Project("{2150E333-8FDC-42A3-9474-1A3956D46DE8}") = "Structural", "Structural", "{355F54A6-C736-46AD-B02F-22D819A350F7}"
EndProject
Project("{2150E333-8FDC-42A3-9474-1A3956D46DE8}") = "Behavioral", "Behavioral", "{44F3EAAF-6F6C-4D34-8343-297535436F64}"
EndProject
Project("{9A19103F-16F7-4668-BE54-9A1E7A4F7556}") = "FactoryMethodDesignPatternSample", "FactoryMethodDesignPatternSample\FactoryMethodDesignPatternSample.csproj", "{C9545A99-EF33-4B4C-AD3E-5E18EA672DAB}"
EndProject
Project("{9A19103F-16F7-4668-BE54-9A1E7A4F7556}") = "AbstractFactoryDesignPatternSample", "AbstractFactoryDesignPatternSample\AbstractFactoryDesignPatternSample.csproj", "{E48274CE-5A74-46C3-8EC7-36F442D5D3E3}"
EndProject
Project("{9A19103F-16F7-4668-BE54-9A1E7A4F7556}") = "BuilderDesignPatternSample", "BuilderDesignPatternSample\BuilderDesignPatternSample.csproj", "{C83F3979-9C2F-4837-AD76-D624A735CB7B}"
EndProject
Project("{9A19103F-16F7-4668-BE54-9A1E7A4F7556}") = "PrototypeDesignPatternSample", "PrototypeDesignPatternSample\PrototypeDesignPatternSample.csproj", "{8ADE9A6E-8B85-4FCE-9B25-557BAF62F54E}"
EndProject
Project("{FAE04EC0-301F-11D3-BF4B-00C04F79EFBC}") = "AdapterDesignPatternSample", "AdapterDesignPatternSample\AdapterDesignPatternSample.csproj", "{A8EAA74E-95AF-4DF3-9976-065526FD336F}"
EndProject
Project("{FAE04EC0-301F-11D3-BF4B-00C04F79EFBC}") = "BridgeDesignPatternSample", "BridgeDesignPatternSample\BridgeDesignPatternSample.csproj", "{3A65D1C5-5274-4D3C-A2C8-1F2F002F9A7A}"
EndProject
Project("{FAE04EC0-301F-11D3-BF4B-00C04F79EFBC}") = "CompositeDesignPatternSample", "CompositeDesignPatternSample\CompositeDesignPatternSample.csproj", "{C725C99D-3DB5-4F4A-9F53-C91726398D27}"
EndProject
Project("{FAE04EC0-301F-11D3-BF4B-00C04F79EFBC}") = "DecoratorDesignPatternSample", "DecoratorDesignPatternSample\DecoratorDesignPatternSample.csproj", "{C4AEA5A5-EE7E-4710-A9A6-BD65A7ECF6E8}"
EndProject
Project("{FAE04EC0-301F-11D3-BF4B-00C04F79EFBC}") = "FacadeDesignPatternSample", "FacadeDesignPatternSample\FacadeDesignPatternSample.csproj", "{AE3F1486-7E81-4B1E-8EEC-07461C6ACB1D}"
EndProject
Global
	GlobalSection(SolutionConfigurationPlatforms) = preSolution
		Debug|Any CPU = Debug|Any CPU
		Release|Any CPU = Release|Any CPU
	EndGlobalSection
	GlobalSection(ProjectConfigurationPlatforms) = postSolution
		{6D8646C4-3AC6-42B1-9BC0-2CE804303B25}.Debug|Any CPU.ActiveCfg = Debug|Any CPU
		{6D8646C4-3AC6-42B1-9BC0-2CE804303B25}.Debug|Any CPU.Build.0 = Debug|Any CPU
		{6D8646C4-3AC6-42B1-9BC0-2CE804303B25}.Release|Any CPU.ActiveCfg = Release|Any CPU
		{6D8646C4-3AC6-42B1-9BC0-2CE804303B25}.Release|Any CPU.Build.0 = Release|Any CPU
		{C9545A99-EF33-4B4C-AD3E-5E18EA672DAB}.Debug|Any CPU.ActiveCfg = Debug|Any CPU
		{C9545A99-EF33-4B4C-AD3E-5E18EA672DAB}.Debug|Any CPU.Build.0 = Debug|Any CPU
		{C9545A99-EF33-4B4C-AD3E-5E18EA672DAB}.Release|Any CPU.ActiveCfg = Release|Any CPU
		{C9545A99-EF33-4B4C-AD3E-5E18EA672DAB}.Release|Any CPU.Build.0 = Release|Any CPU
		{E48274CE-5A74-46C3-8EC7-36F442D5D3E3}.Debug|Any CPU.ActiveCfg = Debug|Any CPU
		{E48274CE-5A74-46C3-8EC7-36F442D5D3E3}.Debug|Any CPU.Build.0 = Debug|Any CPU
		{E48274CE-5A74-46C3-8EC7-36F442D5D3E3}.Release|Any CPU.ActiveCfg = Release|Any CPU
		{E48274CE-5A74-46C3-8EC7-36F442D5D3E3}.Release|Any CPU.Build.0 = Release|Any CPU
		{C83F3979-9C2F-4837-AD76-D624A735CB7B}.Debug|Any CPU.ActiveCfg = Debug|Any CPU
		{C83F3979-9C2F-4837-AD76-D624A735CB7B}.Debug|Any CPU.Build.0 = Debug|Any CPU
		{C83F3979-9C2F-4837-AD76-D624A735CB7B}.Release|Any CPU.ActiveCfg = Release|Any CPU
		{C83F3979-9C2F-4837-AD76-D624A735CB7B}.Release|Any CPU.Build.0 = Release|Any CPU
		{8ADE9A6E-8B85-4FCE-9B25-557BAF62F54E}.Debug|Any CPU.ActiveCfg = Debug|Any CPU
		{8ADE9A6E-8B85-4FCE-9B25-557BAF62F54E}.Debug|Any CPU.Build.0 = Debug|Any CPU
		{8ADE9A6E-8B85-4FCE-9B25-557BAF62F54E}.Release|Any CPU.ActiveCfg = Release|Any CPU
		{8ADE9A6E-8B85-4FCE-9B25-557BAF62F54E}.Release|Any CPU.Build.0 = Release|Any CPU
		{A8EAA74E-95AF-4DF3-9976-065526FD336F}.Debug|Any CPU.ActiveCfg = Debug|Any CPU
		{A8EAA74E-95AF-4DF3-9976-065526FD336F}.Debug|Any CPU.Build.0 = Debug|Any CPU
		{A8EAA74E-95AF-4DF3-9976-065526FD336F}.Release|Any CPU.ActiveCfg = Release|Any CPU
		{A8EAA74E-95AF-4DF3-9976-065526FD336F}.Release|Any CPU.Build.0 = Release|Any CPU
		{3A65D1C5-5274-4D3C-A2C8-1F2F002F9A7A}.Debug|Any CPU.ActiveCfg = Debug|Any CPU
		{3A65D1C5-5274-4D3C-A2C8-1F2F002F9A7A}.Debug|Any CPU.Build.0 = Debug|Any CPU
		{3A65D1C5-5274-4D3C-A2C8-1F2F002F9A7A}.Release|Any CPU.ActiveCfg = Release|Any CPU
		{3A65D1C5-5274-4D3C-A2C8-1F2F002F9A7A}.Release|Any CPU.Build.0 = Release|Any CPU
		{C725C99D-3DB5-4F4A-9F53-C91726398D27}.Debug|Any CPU.ActiveCfg = Debug|Any CPU
		{C725C99D-3DB5-4F4A-9F53-C91726398D27}.Debug|Any CPU.Build.0 = Debug|Any CPU
		{C725C99D-3DB5-4F4A-9F53-C91726398D27}.Release|Any CPU.ActiveCfg = Release|Any CPU
		{C725C99D-3DB5-4F4A-9F53-C91726398D27}.Release|Any CPU.Build.0 = Release|Any CPU
		{C4AEA5A5-EE7E-4710-A9A6-BD65A7ECF6E8}.Debug|Any CPU.ActiveCfg = Debug|Any CPU
		{C4AEA5A5-EE7E-4710-A9A6-BD65A7ECF6E8}.Debug|Any CPU.Build.0 = Debug|Any CPU
		{C4AEA5A5-EE7E-4710-A9A6-BD65A7ECF6E8}.Release|Any CPU.ActiveCfg = Release|Any CPU
		{C4AEA5A5-EE7E-4710-A9A6-BD65A7ECF6E8}.Release|Any CPU.Build.0 = Release|Any CPU
		{AE3F1486-7E81-4B1E-8EEC-07461C6ACB1D}.Debug|Any CPU.ActiveCfg = Debug|Any CPU
		{AE3F1486-7E81-4B1E-8EEC-07461C6ACB1D}.Debug|Any CPU.Build.0 = Debug|Any CPU
		{AE3F1486-7E81-4B1E-8EEC-07461C6ACB1D}.Release|Any CPU.ActiveCfg = Release|Any CPU
		{AE3F1486-7E81-4B1E-8EEC-07461C6ACB1D}.Release|Any CPU.Build.0 = Release|Any CPU
	EndGlobalSection
	GlobalSection(SolutionProperties) = preSolution
		HideSolutionNode = FALSE
	EndGlobalSection
	GlobalSection(NestedProjects) = preSolution
		{6D8646C4-3AC6-42B1-9BC0-2CE804303B25} = {64529585-2320-4995-AA6C-B0F59D2FE2C2}
		{C9545A99-EF33-4B4C-AD3E-5E18EA672DAB} = {64529585-2320-4995-AA6C-B0F59D2FE2C2}
		{E48274CE-5A74-46C3-8EC7-36F442D5D3E3} = {64529585-2320-4995-AA6C-B0F59D2FE2C2}
		{C83F3979-9C2F-4837-AD76-D624A735CB7B} = {64529585-2320-4995-AA6C-B0F59D2FE2C2}
		{8ADE9A6E-8B85-4FCE-9B25-557BAF62F54E} = {64529585-2320-4995-AA6C-B0F59D2FE2C2}
		{A8EAA74E-95AF-4DF3-9976-065526FD336F} = {355F54A6-C736-46AD-B02F-22D819A350F7}
		{3A65D1C5-5274-4D3C-A2C8-1F2F002F9A7A} = {355F54A6-C736-46AD-B02F-22D819A350F7}
		{C725C99D-3DB5-4F4A-9F53-C91726398D27} = {355F54A6-C736-46AD-B02F-22D819A350F7}
		{C4AEA5A5-EE7E-4710-A9A6-BD65A7ECF6E8} = {355F54A6-C736-46AD-B02F-22D819A350F7}
		{AE3F1486-7E81-4B1E-8EEC-07461C6ACB1D} = {355F54A6-C736-46AD-B02F-22D819A350F7}
	EndGlobalSection
	GlobalSection(ExtensibilityGlobals) = postSolution
		SolutionGuid = {4F501001-3460-487F-83B0-EB2967C63BC3}
	EndGlobalSection
EndGlobal
